
Microsoft Visual Studio Solution File, Format Version 12.00
# Visual Studio Version 17
VisualStudioVersion = 17.6.33829.357
MinimumVisualStudioVersion = 10.0.40219.1
Project("{9A19103F-16F7-4668-BE54-9A1E7A4F7556}") = "ChartExample", "ChartExample\ChartExample.csproj", "{12C3D5DF-CCF4-48C0-A904-4B91A936D47F}"
EndProject
Global
	GlobalSection(SolutionConfigurationPlatforms) = preSolution
		Debug|Any CPU = Debug|Any CPU
		Release|Any CPU = Release|Any CPU
	EndGlobalSection
	GlobalSection(ProjectConfigurationPlatforms) = postSolution
		{12C3D5DF-CCF4-48C0-A904-4B91A936D47F}.Debug|Any CPU.ActiveCfg = Debug|Any CPU
		{12C3D5DF-CCF4-48C0-A904-4B91A936D47F}.Debug|Any CPU.Build.0 = Debug|Any CPU
		{12C3D5DF-CCF4-48C0-A904-4B91A936D47F}.Debug|Any CPU.Deploy.0 = Debug|Any CPU
		{12C3D5DF-CCF4-48C0-A904-4B91A936D47F}.Release|Any CPU.ActiveCfg = Release|Any CPU
		{12C3D5DF-CCF4-48C0-A904-4B91A936D47F}.Release|Any CPU.Build.0 = Release|Any CPU
		{12C3D5DF-CCF4-48C0-A904-4B91A936D47F}.Release|Any CPU.Deploy.0 = Release|Any CPU
	EndGlobalSection
	GlobalSection(SolutionProperties) = preSolution
		HideSolutionNode = FALSE
	EndGlobalSection
	GlobalSection(ExtensibilityGlobals) = postSolution
		SolutionGuid = {1A5A6A13-0FC7-40BB-A310-540ACF1E3629}
	EndGlobalSection
EndGlobal
